// !$*UTF8*$!
{
	archiveVersion = 1;
	classes = {
	};
	objectVersion = 56;
	objects = {

/* Begin PBXBuildFile section */
		6921DF5C2AFE28EE00A05282 /* PatternCell.swift in Sources */ = {isa = PBXBuildFile; fileRef = 6921DF5B2AFE28EE00A05282 /* PatternCell.swift */; };
		6967C79E2999984300423A15 /* Factory.swift in Sources */ = {isa = PBXBuildFile; fileRef = 6967C79D2999984300423A15 /* Factory.swift */; };
		69716DFA2B066BBD000AB6AC /* Singleton.swift in Sources */ = {isa = PBXBuildFile; fileRef = 69716DF92B066BBD000AB6AC /* Singleton.swift */; };
		6980141C2B06723400DB972B /* Strategy.swift in Sources */ = {isa = PBXBuildFile; fileRef = 6980141B2B06723400DB972B /* Strategy.swift */; };
		69E7AE45298ED654000E8FAC /* DevPatternsApp.swift in Sources */ = {isa = PBXBuildFile; fileRef = 69E7AE44298ED654000E8FAC /* DevPatternsApp.swift */; };
		69E7AE47298ED654000E8FAC /* ContentView.swift in Sources */ = {isa = PBXBuildFile; fileRef = 69E7AE46298ED654000E8FAC /* ContentView.swift */; };
		69E7AE49298ED656000E8FAC /* Assets.xcassets in Resources */ = {isa = PBXBuildFile; fileRef = 69E7AE48298ED656000E8FAC /* Assets.xcassets */; };
		69E7AE4C298ED656000E8FAC /* Preview Assets.xcassets in Resources */ = {isa = PBXBuildFile; fileRef = 69E7AE4B298ED656000E8FAC /* Preview Assets.xcassets */; };
		69E7AE54298ED697000E8FAC /* ContentViewModel.swift in Sources */ = {isa = PBXBuildFile; fileRef = 69E7AE53298ED697000E8FAC /* ContentViewModel.swift */; };
		69E7AE56298ED8C1000E8FAC /* PaternModel.swift in Sources */ = {isa = PBXBuildFile; fileRef = 69E7AE55298ED8C1000E8FAC /* PaternModel.swift */; };
		69E7AE58298ED8F8000E8FAC /* AbstractFactory.swift in Sources */ = {isa = PBXBuildFile; fileRef = 69E7AE57298ED8F8000E8FAC /* AbstractFactory.swift */; };
		69E7AE5B2992F54C000E8FAC /* Builder.swift in Sources */ = {isa = PBXBuildFile; fileRef = 69E7AE5A2992F54C000E8FAC /* Builder.swift */; };
		69E7AE5E299436C2000E8FAC /* Prototype.swift in Sources */ = {isa = PBXBuildFile; fileRef = 69E7AE5D299436C2000E8FAC /* Prototype.swift */; };
		69E7AE6029943B1A000E8FAC /* ClientForProtoype.swift in Sources */ = {isa = PBXBuildFile; fileRef = 69E7AE5F29943B1A000E8FAC /* ClientForProtoype.swift */; };
/* End PBXBuildFile section */

/* Begin PBXFileReference section */
		6921DF5B2AFE28EE00A05282 /* PatternCell.swift */ = {isa = PBXFileReference; lastKnownFileType = sourcecode.swift; path = PatternCell.swift; sourceTree = "<group>"; };
		6967C79D2999984300423A15 /* Factory.swift */ = {isa = PBXFileReference; lastKnownFileType = sourcecode.swift; path = Factory.swift; sourceTree = "<group>"; };
		69716DF92B066BBD000AB6AC /* Singleton.swift */ = {isa = PBXFileReference; lastKnownFileType = sourcecode.swift; path = Singleton.swift; sourceTree = "<group>"; };
		6980141B2B06723400DB972B /* Strategy.swift */ = {isa = PBXFileReference; lastKnownFileType = sourcecode.swift; path = Strategy.swift; sourceTree = "<group>"; };
		69E7AE41298ED654000E8FAC /* DevPatterns.app */ = {isa = PBXFileReference; explicitFileType = wrapper.application; includeInIndex = 0; path = DevPatterns.app; sourceTree = BUILT_PRODUCTS_DIR; };
		69E7AE44298ED654000E8FAC /* DevPatternsApp.swift */ = {isa = PBXFileReference; lastKnownFileType = sourcecode.swift; path = DevPatternsApp.swift; sourceTree = "<group>"; };
		69E7AE46298ED654000E8FAC /* ContentView.swift */ = {isa = PBXFileReference; lastKnownFileType = sourcecode.swift; path = ContentView.swift; sourceTree = "<group>"; };
		69E7AE48298ED656000E8FAC /* Assets.xcassets */ = {isa = PBXFileReference; lastKnownFileType = folder.assetcatalog; path = Assets.xcassets; sourceTree = "<group>"; };
		69E7AE4B298ED656000E8FAC /* Preview Assets.xcassets */ = {isa = PBXFileReference; lastKnownFileType = folder.assetcatalog; path = "Preview Assets.xcassets"; sourceTree = "<group>"; };
		69E7AE53298ED697000E8FAC /* ContentViewModel.swift */ = {isa = PBXFileReference; lastKnownFileType = sourcecode.swift; path = ContentViewModel.swift; sourceTree = "<group>"; };
		69E7AE55298ED8C1000E8FAC /* PaternModel.swift */ = {isa = PBXFileReference; lastKnownFileType = sourcecode.swift; path = PaternModel.swift; sourceTree = "<group>"; };
		69E7AE57298ED8F8000E8FAC /* AbstractFactory.swift */ = {isa = PBXFileReference; lastKnownFileType = sourcecode.swift; path = AbstractFactory.swift; sourceTree = "<group>"; };
		69E7AE5A2992F54C000E8FAC /* Builder.swift */ = {isa = PBXFileReference; lastKnownFileType = sourcecode.swift; path = Builder.swift; sourceTree = "<group>"; };
		69E7AE5D299436C2000E8FAC /* Prototype.swift */ = {isa = PBXFileReference; lastKnownFileType = sourcecode.swift; path = Prototype.swift; sourceTree = "<group>"; };
		69E7AE5F29943B1A000E8FAC /* ClientForProtoype.swift */ = {isa = PBXFileReference; lastKnownFileType = sourcecode.swift; path = ClientForProtoype.swift; sourceTree = "<group>"; };
/* End PBXFileReference section */

/* Begin PBXFrameworksBuildPhase section */
		69E7AE3E298ED654000E8FAC /* Frameworks */ = {
			isa = PBXFrameworksBuildPhase;
			buildActionMask = 2147483647;
			files = (
			);
			runOnlyForDeploymentPostprocessing = 0;
		};
/* End PBXFrameworksBuildPhase section */

/* Begin PBXGroup section */
		6967C79C2999982900423A15 /* FactoryMethod */ = {
			isa = PBXGroup;
			children = (
				6967C79D2999984300423A15 /* Factory.swift */,
			);
			path = FactoryMethod;
			sourceTree = "<group>";
		};
		69716DF82B066B9C000AB6AC /* Singleton */ = {
			isa = PBXGroup;
			children = (
				69716DF92B066BBD000AB6AC /* Singleton.swift */,
			);
			name = Singleton;
			sourceTree = "<group>";
		};
		6980141A2B06721800DB972B /* Strategy */ = {
			isa = PBXGroup;
			children = (
				6980141B2B06723400DB972B /* Strategy.swift */,
			);
			path = Strategy;
			sourceTree = "<group>";
		};
		69E7AE38298ED654000E8FAC = {
			isa = PBXGroup;
			children = (
				69E7AE43298ED654000E8FAC /* DevPatterns */,
				69E7AE42298ED654000E8FAC /* Products */,
			);
			sourceTree = "<group>";
		};
		69E7AE42298ED654000E8FAC /* Products */ = {
			isa = PBXGroup;
			children = (
				69E7AE41298ED654000E8FAC /* DevPatterns.app */,
			);
			name = Products;
			sourceTree = "<group>";
		};
		69E7AE43298ED654000E8FAC /* DevPatterns */ = {
			isa = PBXGroup;
			children = (
				69E7AE44298ED654000E8FAC /* DevPatternsApp.swift */,
				69E7AE55298ED8C1000E8FAC /* PaternModel.swift */,
				6921DF5B2AFE28EE00A05282 /* PatternCell.swift */,
				69E7AE53298ED697000E8FAC /* ContentViewModel.swift */,
				69E7AE46298ED654000E8FAC /* ContentView.swift */,
				6980141A2B06721800DB972B /* Strategy */,
				6967C79C2999982900423A15 /* FactoryMethod */,
				69716DF82B066B9C000AB6AC /* Singleton */,
				69E7AE5C29943698000E8FAC /* Prototype */,
				69E7AE592992F4B1000E8FAC /* Builder */,
				69E7AE52298ED663000E8FAC /* AbstractFactory */,
				69E7AE48298ED656000E8FAC /* Assets.xcassets */,
				69E7AE4A298ED656000E8FAC /* Preview Content */,
			);
			path = DevPatterns;
			sourceTree = "<group>";
		};
		69E7AE4A298ED656000E8FAC /* Preview Content */ = {
			isa = PBXGroup;
			children = (
				69E7AE4B298ED656000E8FAC /* Preview Assets.xcassets */,
			);
			path = "Preview Content";
			sourceTree = "<group>";
		};
		69E7AE52298ED663000E8FAC /* AbstractFactory */ = {
			isa = PBXGroup;
			children = (
				69E7AE57298ED8F8000E8FAC /* AbstractFactory.swift */,
			);
			path = AbstractFactory;
			sourceTree = "<group>";
		};
		69E7AE592992F4B1000E8FAC /* Builder */ = {
			isa = PBXGroup;
			children = (
				69E7AE5A2992F54C000E8FAC /* Builder.swift */,
			);
			path = Builder;
			sourceTree = "<group>";
		};
		69E7AE5C29943698000E8FAC /* Prototype */ = {
			isa = PBXGroup;
			children = (
				69E7AE5D299436C2000E8FAC /* Prototype.swift */,
				69E7AE5F29943B1A000E8FAC /* ClientForProtoype.swift */,
			);
			name = Prototype;
			sourceTree = "<group>";
		};
/* End PBXGroup section */

/* Begin PBXNativeTarget section */
		69E7AE40298ED654000E8FAC /* DevPatterns */ = {
			isa = PBXNativeTarget;
			buildConfigurationList = 69E7AE4F298ED656000E8FAC /* Build configuration list for PBXNativeTarget "DevPatterns" */;
			buildPhases = (
				69E7AE3D298ED654000E8FAC /* Sources */,
				69E7AE3E298ED654000E8FAC /* Frameworks */,
				69E7AE3F298ED654000E8FAC /* Resources */,
			);
			buildRules = (
			);
			dependencies = (
			);
			name = DevPatterns;
			productName = DevPatterns;
			productReference = 69E7AE41298ED654000E8FAC /* DevPatterns.app */;
			productType = "com.apple.product-type.application";
		};
/* End PBXNativeTarget section */

/* Begin PBXProject section */
		69E7AE39298ED654000E8FAC /* Project object */ = {
			isa = PBXProject;
			attributes = {
				BuildIndependentTargetsInParallel = 1;
				LastSwiftUpdateCheck = 1400;
				LastUpgradeCheck = 1400;
				TargetAttributes = {
					69E7AE40298ED654000E8FAC = {
						CreatedOnToolsVersion = 14.0.1;
					};
				};
			};
			buildConfigurationList = 69E7AE3C298ED654000E8FAC /* Build configuration list for PBXProject "DevPatterns" */;
			compatibilityVersion = "Xcode 14.0";
			developmentRegion = en;
			hasScannedForEncodings = 0;
			knownRegions = (
				en,
				Base,
			);
			mainGroup = 69E7AE38298ED654000E8FAC;
			productRefGroup = 69E7AE42298ED654000E8FAC /* Products */;
			projectDirPath = "";
			projectRoot = "";
			targets = (
				69E7AE40298ED654000E8FAC /* DevPatterns */,
			);
		};
/* End PBXProject section */

/* Begin PBXResourcesBuildPhase section */
		69E7AE3F298ED654000E8FAC /* Resources */ = {
			isa = PBXResourcesBuildPhase;
			buildActionMask = 2147483647;
			files = (
				69E7AE4C298ED656000E8FAC /* Preview Assets.xcassets in Resources */,
				69E7AE49298ED656000E8FAC /* Assets.xcassets in Resources */,
			);
			runOnlyForDeploymentPostprocessing = 0;
		};
/* End PBXResourcesBuildPhase section */

/* Begin PBXSourcesBuildPhase section */
		69E7AE3D298ED654000E8FAC /* Sources */ = {
			isa = PBXSourcesBuildPhase;
			buildActionMask = 2147483647;
			files = (
				69E7AE47298ED654000E8FAC /* ContentView.swift in Sources */,
				69E7AE45298ED654000E8FAC /* DevPatternsApp.swift in Sources */,
				69E7AE6029943B1A000E8FAC /* ClientForProtoype.swift in Sources */,
				69E7AE5E299436C2000E8FAC /* Prototype.swift in Sources */,
				69E7AE58298ED8F8000E8FAC /* AbstractFactory.swift in Sources */,
				6921DF5C2AFE28EE00A05282 /* PatternCell.swift in Sources */,
				69716DFA2B066BBD000AB6AC /* Singleton.swift in Sources */,
				6967C79E2999984300423A15 /* Factory.swift in Sources */,
				6980141C2B06723400DB972B /* Strategy.swift in Sources */,
				69E7AE54298ED697000E8FAC /* ContentViewModel.swift in Sources */,
				69E7AE56298ED8C1000E8FAC /* PaternModel.swift in Sources */,
				69E7AE5B2992F54C000E8FAC /* Builder.swift in Sources */,
			);
			runOnlyForDeploymentPostprocessing = 0;
		};
/* End PBXSourcesBuildPhase section */

/* Begin XCBuildConfiguration section */
		69E7AE4D298ED656000E8FAC /* Debug */ = {
			isa = XCBuildConfiguration;
			buildSettings = {
				ALWAYS_SEARCH_USER_PATHS = NO;
				CLANG_ANALYZER_NONNULL = YES;
				CLANG_ANALYZER_NUMBER_OBJECT_CONVERSION = YES_AGGRESSIVE;
				CLANG_CXX_LANGUAGE_STANDARD = "gnu++20";
				CLANG_ENABLE_MODULES = YES;
				CLANG_ENABLE_OBJC_ARC = YES;
				CLANG_ENABLE_OBJC_WEAK = YES;
				CLANG_WARN_BLOCK_CAPTURE_AUTORELEASING = YES;
				CLANG_WARN_BOOL_CONVERSION = YES;
				CLANG_WARN_COMMA = YES;
				CLANG_WARN_CONSTANT_CONVERSION = YES;
				CLANG_WARN_DEPRECATED_OBJC_IMPLEMENTATIONS = YES;
				CLANG_WARN_DIRECT_OBJC_ISA_USAGE = YES_ERROR;
				CLANG_WARN_DOCUMENTATION_COMMENTS = YES;
				CLANG_WARN_EMPTY_BODY = YES;
				CLANG_WARN_ENUM_CONVERSION = YES;
				CLANG_WARN_INFINITE_RECURSION = YES;
				CLANG_WARN_INT_CONVERSION = YES;
				CLANG_WARN_NON_LITERAL_NULL_CONVERSION = YES;
				CLANG_WARN_OBJC_IMPLICIT_RETAIN_SELF = YES;
				CLANG_WARN_OBJC_LITERAL_CONVERSION = YES;
				CLANG_WARN_OBJC_ROOT_CLASS = YES_ERROR;
				CLANG_WARN_QUOTED_INCLUDE_IN_FRAMEWORK_HEADER = YES;
				CLANG_WARN_RANGE_LOOP_ANALYSIS = YES;
				CLANG_WARN_STRICT_PROTOTYPES = YES;
				CLANG_WARN_SUSPICIOUS_MOVE = YES;
				CLANG_WARN_UNGUARDED_AVAILABILITY = YES_AGGRESSIVE;
				CLANG_WARN_UNREACHABLE_CODE = YES;
				CLANG_WARN__DUPLICATE_METHOD_MATCH = YES;
				COPY_PHASE_STRIP = NO;
				DEBUG_INFORMATION_FORMAT = dwarf;
				ENABLE_STRICT_OBJC_MSGSEND = YES;
				ENABLE_TESTABILITY = YES;
				GCC_C_LANGUAGE_STANDARD = gnu11;
				GCC_DYNAMIC_NO_PIC = NO;
				GCC_NO_COMMON_BLOCKS = YES;
				GCC_OPTIMIZATION_LEVEL = 0;
				GCC_PREPROCESSOR_DEFINITIONS = (
					"DEBUG=1",
					"$(inherited)",
				);
				GCC_WARN_64_TO_32_BIT_CONVERSION = YES;
				GCC_WARN_ABOUT_RETURN_TYPE = YES_ERROR;
				GCC_WARN_UNDECLARED_SELECTOR = YES;
				GCC_WARN_UNINITIALIZED_AUTOS = YES_AGGRESSIVE;
				GCC_WARN_UNUSED_FUNCTION = YES;
				GCC_WARN_UNUSED_VARIABLE = YES;
				IPHONEOS_DEPLOYMENT_TARGET = 16.0;
				MTL_ENABLE_DEBUG_INFO = INCLUDE_SOURCE;
				MTL_FAST_MATH = YES;
				ONLY_ACTIVE_ARCH = YES;
				SDKROOT = iphoneos;
				SWIFT_ACTIVE_COMPILATION_CONDITIONS = DEBUG;
				SWIFT_OPTIMIZATION_LEVEL = "-Onone";
			};
			name = Debug;
		};
		69E7AE4E298ED656000E8FAC /* Release */ = {
			isa = XCBuildConfiguration;
			buildSettings = {
				ALWAYS_SEARCH_USER_PATHS = NO;
				CLANG_ANALYZER_NONNULL = YES;
				CLANG_ANALYZER_NUMBER_OBJECT_CONVERSION = YES_AGGRESSIVE;
				CLANG_CXX_LANGUAGE_STANDARD = "gnu++20";
				CLANG_ENABLE_MODULES = YES;
				CLANG_ENABLE_OBJC_ARC = YES;
				CLANG_ENABLE_OBJC_WEAK = YES;
				CLANG_WARN_BLOCK_CAPTURE_AUTORELEASING = YES;
				CLANG_WARN_BOOL_CONVERSION = YES;
				CLANG_WARN_COMMA = YES;
				CLANG_WARN_CONSTANT_CONVERSION = YES;
				CLANG_WARN_DEPRECATED_OBJC_IMPLEMENTATIONS = YES;
				CLANG_WARN_DIRECT_OBJC_ISA_USAGE = YES_ERROR;
				CLANG_WARN_DOCUMENTATION_COMMENTS = YES;
				CLANG_WARN_EMPTY_BODY = YES;
				CLANG_WARN_ENUM_CONVERSION = YES;
				CLANG_WARN_INFINITE_RECURSION = YES;
				CLANG_WARN_INT_CONVERSION = YES;
				CLANG_WARN_NON_LITERAL_NULL_CONVERSION = YES;
				CLANG_WARN_OBJC_IMPLICIT_RETAIN_SELF = YES;
				CLANG_WARN_OBJC_LITERAL_CONVERSION = YES;
				CLANG_WARN_OBJC_ROOT_CLASS = YES_ERROR;
				CLANG_WARN_QUOTED_INCLUDE_IN_FRAMEWORK_HEADER = YES;
				CLANG_WARN_RANGE_LOOP_ANALYSIS = YES;
				CLANG_WARN_STRICT_PROTOTYPES = YES;
				CLANG_WARN_SUSPICIOUS_MOVE = YES;
				CLANG_WARN_UNGUARDED_AVAILABILITY = YES_AGGRESSIVE;
				CLANG_WARN_UNREACHABLE_CODE = YES;
				CLANG_WARN__DUPLICATE_METHOD_MATCH = YES;
				COPY_PHASE_STRIP = NO;
				DEBUG_INFORMATION_FORMAT = "dwarf-with-dsym";
				ENABLE_NS_ASSERTIONS = NO;
				ENABLE_STRICT_OBJC_MSGSEND = YES;
				GCC_C_LANGUAGE_STANDARD = gnu11;
				GCC_NO_COMMON_BLOCKS = YES;
				GCC_WARN_64_TO_32_BIT_CONVERSION = YES;
				GCC_WARN_ABOUT_RETURN_TYPE = YES_ERROR;
				GCC_WARN_UNDECLARED_SELECTOR = YES;
				GCC_WARN_UNINITIALIZED_AUTOS = YES_AGGRESSIVE;
				GCC_WARN_UNUSED_FUNCTION = YES;
				GCC_WARN_UNUSED_VARIABLE = YES;
				IPHONEOS_DEPLOYMENT_TARGET = 16.0;
				MTL_ENABLE_DEBUG_INFO = NO;
				MTL_FAST_MATH = YES;
				SDKROOT = iphoneos;
				SWIFT_COMPILATION_MODE = wholemodule;
				SWIFT_OPTIMIZATION_LEVEL = "-O";
				VALIDATE_PRODUCT = YES;
			};
			name = Release;
		};
		69E7AE50298ED656000E8FAC /* Debug */ = {
			isa = XCBuildConfiguration;
			buildSettings = {
				ASSETCATALOG_COMPILER_APPICON_NAME = AppIcon;
				ASSETCATALOG_COMPILER_GLOBAL_ACCENT_COLOR_NAME = AccentColor;
				CODE_SIGN_STYLE = Automatic;
				CURRENT_PROJECT_VERSION = 1;
				DEVELOPMENT_ASSET_PATHS = "\"DevPatterns/Preview Content\"";
				DEVELOPMENT_TEAM = SMLXZY3S3R;
				ENABLE_PREVIEWS = YES;
				GENERATE_INFOPLIST_FILE = YES;
				INFOPLIST_KEY_UIApplicationSceneManifest_Generation = YES;
				INFOPLIST_KEY_UIApplicationSupportsIndirectInputEvents = YES;
				INFOPLIST_KEY_UILaunchScreen_Generation = YES;
				INFOPLIST_KEY_UISupportedInterfaceOrientations_iPad = "UIInterfaceOrientationPortrait UIInterfaceOrientationPortraitUpsideDown UIInterfaceOrientationLandscapeLeft UIInterfaceOrientationLandscapeRight";
				INFOPLIST_KEY_UISupportedInterfaceOrientations_iPhone = "UIInterfaceOrientationPortrait UIInterfaceOrientationLandscapeLeft UIInterfaceOrientationLandscapeRight";
				LD_RUNPATH_SEARCH_PATHS = (
					"$(inherited)",
					"@executable_path/Frameworks",
				);
				MARKETING_VERSION = 1.0;
				PRODUCT_BUNDLE_IDENTIFIER = "Umbrella-Corp.DevPatterns";
				PRODUCT_NAME = "$(TARGET_NAME)";
				SWIFT_EMIT_LOC_STRINGS = YES;
				SWIFT_VERSION = 5.0;
				TARGETED_DEVICE_FAMILY = "1,2";
			};
			name = Debug;
		};
		69E7AE51298ED656000E8FAC /* Release */ = {
			isa = XCBuildConfiguration;
			buildSettings = {
				ASSETCATALOG_COMPILER_APPICON_NAME = AppIcon;
				ASSETCATALOG_COMPILER_GLOBAL_ACCENT_COLOR_NAME = AccentColor;
				CODE_SIGN_STYLE = Automatic;
				CURRENT_PROJECT_VERSION = 1;
				DEVELOPMENT_ASSET_PATHS = "\"DevPatterns/Preview Content\"";
				DEVELOPMENT_TEAM = SMLXZY3S3R;
				ENABLE_PREVIEWS = YES;
				GENERATE_INFOPLIST_FILE = YES;
				INFOPLIST_KEY_UIApplicationSceneManifest_Generation = YES;
				INFOPLIST_KEY_UIApplicationSupportsIndirectInputEvents = YES;
				INFOPLIST_KEY_UILaunchScreen_Generation = YES;
				INFOPLIST_KEY_UISupportedInterfaceOrientations_iPad = "UIInterfaceOrientationPortrait UIInterfaceOrientationPortraitUpsideDown UIInterfaceOrientationLandscapeLeft UIInterfaceOrientationLandscapeRight";
				INFOPLIST_KEY_UISupportedInterfaceOrientations_iPhone = "UIInterfaceOrientationPortrait UIInterfaceOrientationLandscapeLeft UIInterfaceOrientationLandscapeRight";
				LD_RUNPATH_SEARCH_PATHS = (
					"$(inherited)",
					"@executable_path/Frameworks",
				);
				MARKETING_VERSION = 1.0;
				PRODUCT_BUNDLE_IDENTIFIER = "Umbrella-Corp.DevPatterns";
				PRODUCT_NAME = "$(TARGET_NAME)";
				SWIFT_EMIT_LOC_STRINGS = YES;
				SWIFT_VERSION = 5.0;
				TARGETED_DEVICE_FAMILY = "1,2";
			};
			name = Release;
		};
/* End XCBuildConfiguration section */

/* Begin XCConfigurationList section */
		69E7AE3C298ED654000E8FAC /* Build configuration list for PBXProject "DevPatterns" */ = {
			isa = XCConfigurationList;
			buildConfigurations = (
				69E7AE4D298ED656000E8FAC /* Debug */,
				69E7AE4E298ED656000E8FAC /* Release */,
			);
			defaultConfigurationIsVisible = 0;
			defaultConfigurationName = Release;
		};
		69E7AE4F298ED656000E8FAC /* Build configuration list for PBXNativeTarget "DevPatterns" */ = {
			isa = XCConfigurationList;
			buildConfigurations = (
				69E7AE50298ED656000E8FAC /* Debug */,
				69E7AE51298ED656000E8FAC /* Release */,
			);
			defaultConfigurationIsVisible = 0;
			defaultConfigurationName = Release;
		};
/* End XCConfigurationList section */
	};
	rootObject = 69E7AE39298ED654000E8FAC /* Project object */;
}
